
Microsoft Visual Studio Solution File, Format Version 12.00
# Visual Studio Version 16
VisualStudioVersion = 16.0.28803.156
MinimumVisualStudioVersion = 10.0.40219.1
Project("{FAE04EC0-301F-11D3-BF4B-00C04F79EFBC}") = "DDGuard.UWP", "DDGuard\DDGuard.UWP\DDGuard.UWP.csproj", "{B220523B-8DB3-4EB5-BDE3-14C3D8AA7B66}"
EndProject
Project("{FAE04EC0-301F-11D3-BF4B-00C04F79EFBC}") = "DDGuard.Android", "DDGuard\DDGuard.Android\DDGuard.Android.csproj", "{7EFC2180-B0EE-4DFB-99B7-8ABDD7DAA788}"
EndProject
Project("{FAE04EC0-301F-11D3-BF4B-00C04F79EFBC}") = "DDGuard.iOS", "DDGuard\DDGuard.iOS\DDGuard.iOS.csproj", "{17AB1791-0C86-44C4-B06E-1CDC7873EC9D}"
EndProject
Project("{9A19103F-16F7-4668-BE54-9A1E7A4F7556}") = "DDGuard", "DDGuard\DDGuard\DDGuard.csproj", "{30F5E721-CF40-44B7-9035-21DAC9A47D09}"
EndProject
Project("{FAE04EC0-301F-11D3-BF4B-00C04F79EFBC}") = "DDGuard.UITest", "DDGuard.UITest\DDGuard.UITest.csproj", "{90008EAF-B621-402D-B75E-1A09DA01C4D6}"
EndProject
Global
	GlobalSection(SolutionConfigurationPlatforms) = preSolution
		Debug|Any CPU = Debug|Any CPU
		Debug|ARM = Debug|ARM
		Debug|iPhone = Debug|iPhone
		Debug|iPhoneSimulator = Debug|iPhoneSimulator
		Debug|x64 = Debug|x64
		Debug|x86 = Debug|x86
		Release|Any CPU = Release|Any CPU
		Release|ARM = Release|ARM
		Release|iPhone = Release|iPhone
		Release|iPhoneSimulator = Release|iPhoneSimulator
		Release|x64 = Release|x64
		Release|x86 = Release|x86
	EndGlobalSection
	GlobalSection(ProjectConfigurationPlatforms) = postSolution
		{B220523B-8DB3-4EB5-BDE3-14C3D8AA7B66}.Debug|Any CPU.ActiveCfg = Debug|x86
		{B220523B-8DB3-4EB5-BDE3-14C3D8AA7B66}.Debug|Any CPU.Build.0 = Debug|x86
		{B220523B-8DB3-4EB5-BDE3-14C3D8AA7B66}.Debug|Any CPU.Deploy.0 = Debug|x86
		{B220523B-8DB3-4EB5-BDE3-14C3D8AA7B66}.Debug|ARM.ActiveCfg = Debug|ARM
		{B220523B-8DB3-4EB5-BDE3-14C3D8AA7B66}.Debug|ARM.Build.0 = Debug|ARM
		{B220523B-8DB3-4EB5-BDE3-14C3D8AA7B66}.Debug|ARM.Deploy.0 = Debug|ARM
		{B220523B-8DB3-4EB5-BDE3-14C3D8AA7B66}.Debug|iPhone.ActiveCfg = Debug|x86
		{B220523B-8DB3-4EB5-BDE3-14C3D8AA7B66}.Debug|iPhone.Build.0 = Debug|x86
		{B220523B-8DB3-4EB5-BDE3-14C3D8AA7B66}.Debug|iPhone.Deploy.0 = Debug|x86
		{B220523B-8DB3-4EB5-BDE3-14C3D8AA7B66}.Debug|iPhoneSimulator.ActiveCfg = Debug|x86
		{B220523B-8DB3-4EB5-BDE3-14C3D8AA7B66}.Debug|iPhoneSimulator.Build.0 = Debug|x86
		{B220523B-8DB3-4EB5-BDE3-14C3D8AA7B66}.Debug|iPhoneSimulator.Deploy.0 = Debug|x86
		{B220523B-8DB3-4EB5-BDE3-14C3D8AA7B66}.Debug|x64.ActiveCfg = Debug|x64
		{B220523B-8DB3-4EB5-BDE3-14C3D8AA7B66}.Debug|x64.Build.0 = Debug|x64
		{B220523B-8DB3-4EB5-BDE3-14C3D8AA7B66}.Debug|x64.Deploy.0 = Debug|x64
		{B220523B-8DB3-4EB5-BDE3-14C3D8AA7B66}.Debug|x86.ActiveCfg = Debug|x86
		{B220523B-8DB3-4EB5-BDE3-14C3D8AA7B66}.Debug|x86.Build.0 = Debug|x86
		{B220523B-8DB3-4EB5-BDE3-14C3D8AA7B66}.Debug|x86.Deploy.0 = Debug|x86
		{B220523B-8DB3-4EB5-BDE3-14C3D8AA7B66}.Release|Any CPU.ActiveCfg = Release|x86
		{B220523B-8DB3-4EB5-BDE3-14C3D8AA7B66}.Release|Any CPU.Build.0 = Release|x86
		{B220523B-8DB3-4EB5-BDE3-14C3D8AA7B66}.Release|Any CPU.Deploy.0 = Release|x86
		{B220523B-8DB3-4EB5-BDE3-14C3D8AA7B66}.Release|ARM.ActiveCfg = Release|ARM
		{B220523B-8DB3-4EB5-BDE3-14C3D8AA7B66}.Release|ARM.Build.0 = Release|ARM
		{B220523B-8DB3-4EB5-BDE3-14C3D8AA7B66}.Release|ARM.Deploy.0 = Release|ARM
		{B220523B-8DB3-4EB5-BDE3-14C3D8AA7B66}.Release|iPhone.ActiveCfg = Release|x86
		{B220523B-8DB3-4EB5-BDE3-14C3D8AA7B66}.Release|iPhone.Build.0 = Release|x86
		{B220523B-8DB3-4EB5-BDE3-14C3D8AA7B66}.Release|iPhone.Deploy.0 = Release|x86
		{B220523B-8DB3-4EB5-BDE3-14C3D8AA7B66}.Release|iPhoneSimulator.ActiveCfg = Release|x86
		{B220523B-8DB3-4EB5-BDE3-14C3D8AA7B66}.Release|iPhoneSimulator.Build.0 = Release|x86
		{B220523B-8DB3-4EB5-BDE3-14C3D8AA7B66}.Release|iPhoneSimulator.Deploy.0 = Release|x86
		{B220523B-8DB3-4EB5-BDE3-14C3D8AA7B66}.Release|x64.ActiveCfg = Release|x64
		{B220523B-8DB3-4EB5-BDE3-14C3D8AA7B66}.Release|x64.Build.0 = Release|x64
		{B220523B-8DB3-4EB5-BDE3-14C3D8AA7B66}.Release|x64.Deploy.0 = Release|x64
		{B220523B-8DB3-4EB5-BDE3-14C3D8AA7B66}.Release|x86.ActiveCfg = Release|x86
		{B220523B-8DB3-4EB5-BDE3-14C3D8AA7B66}.Release|x86.Build.0 = Release|x86
		{B220523B-8DB3-4EB5-BDE3-14C3D8AA7B66}.Release|x86.Deploy.0 = Release|x86
		{7EFC2180-B0EE-4DFB-99B7-8ABDD7DAA788}.Debug|Any CPU.ActiveCfg = Debug|Any CPU
		{7EFC2180-B0EE-4DFB-99B7-8ABDD7DAA788}.Debug|Any CPU.Build.0 = Debug|Any CPU
		{7EFC2180-B0EE-4DFB-99B7-8ABDD7DAA788}.Debug|Any CPU.Deploy.0 = Debug|Any CPU
		{7EFC2180-B0EE-4DFB-99B7-8ABDD7DAA788}.Debug|ARM.ActiveCfg = Debug|Any CPU
		{7EFC2180-B0EE-4DFB-99B7-8ABDD7DAA788}.Debug|ARM.Build.0 = Debug|Any CPU
		{7EFC2180-B0EE-4DFB-99B7-8ABDD7DAA788}.Debug|ARM.Deploy.0 = Debug|Any CPU
		{7EFC2180-B0EE-4DFB-99B7-8ABDD7DAA788}.Debug|iPhone.ActiveCfg = Debug|Any CPU
		{7EFC2180-B0EE-4DFB-99B7-8ABDD7DAA788}.Debug|iPhone.Build.0 = Debug|Any CPU
		{7EFC2180-B0EE-4DFB-99B7-8ABDD7DAA788}.Debug|iPhone.Deploy.0 = Debug|Any CPU
		{7EFC2180-B0EE-4DFB-99B7-8ABDD7DAA788}.Debug|iPhoneSimulator.ActiveCfg = Debug|Any CPU
		{7EFC2180-B0EE-4DFB-99B7-8ABDD7DAA788}.Debug|iPhoneSimulator.Build.0 = Debug|Any CPU
		{7EFC2180-B0EE-4DFB-99B7-8ABDD7DAA788}.Debug|iPhoneSimulator.Deploy.0 = Debug|Any CPU
		{7EFC2180-B0EE-4DFB-99B7-8ABDD7DAA788}.Debug|x64.ActiveCfg = Debug|Any CPU
		{7EFC2180-B0EE-4DFB-99B7-8ABDD7DAA788}.Debug|x64.Build.0 = Debug|Any CPU
		{7EFC2180-B0EE-4DFB-99B7-8ABDD7DAA788}.Debug|x64.Deploy.0 = Debug|Any CPU
		{7EFC2180-B0EE-4DFB-99B7-8ABDD7DAA788}.Debug|x86.ActiveCfg = Debug|Any CPU
		{7EFC2180-B0EE-4DFB-99B7-8ABDD7DAA788}.Debug|x86.Build.0 = Debug|Any CPU
		{7EFC2180-B0EE-4DFB-99B7-8ABDD7DAA788}.Debug|x86.Deploy.0 = Debug|Any CPU
		{7EFC2180-B0EE-4DFB-99B7-8ABDD7DAA788}.Release|Any CPU.ActiveCfg = Release|Any CPU
		{7EFC2180-B0EE-4DFB-99B7-8ABDD7DAA788}.Release|Any CPU.Build.0 = Release|Any CPU
		{7EFC2180-B0EE-4DFB-99B7-8ABDD7DAA788}.Release|Any CPU.Deploy.0 = Release|Any CPU
		{7EFC2180-B0EE-4DFB-99B7-8ABDD7DAA788}.Release|ARM.ActiveCfg = Release|Any CPU
		{7EFC2180-B0EE-4DFB-99B7-8ABDD7DAA788}.Release|ARM.Build.0 = Release|Any CPU
		{7EFC2180-B0EE-4DFB-99B7-8ABDD7DAA788}.Release|ARM.Deploy.0 = Release|Any CPU
		{7EFC2180-B0EE-4DFB-99B7-8ABDD7DAA788}.Release|iPhone.ActiveCfg = Release|Any CPU
		{7EFC2180-B0EE-4DFB-99B7-8ABDD7DAA788}.Release|iPhone.Build.0 = Release|Any CPU
		{7EFC2180-B0EE-4DFB-99B7-8ABDD7DAA788}.Release|iPhone.Deploy.0 = Release|Any CPU
		{7EFC2180-B0EE-4DFB-99B7-8ABDD7DAA788}.Release|iPhoneSimulator.ActiveCfg = Release|Any CPU
		{7EFC2180-B0EE-4DFB-99B7-8ABDD7DAA788}.Release|iPhoneSimulator.Build.0 = Release|Any CPU
		{7EFC2180-B0EE-4DFB-99B7-8ABDD7DAA788}.Release|iPhoneSimulator.Deploy.0 = Release|Any CPU
		{7EFC2180-B0EE-4DFB-99B7-8ABDD7DAA788}.Release|x64.ActiveCfg = Release|Any CPU
		{7EFC2180-B0EE-4DFB-99B7-8ABDD7DAA788}.Release|x64.Build.0 = Release|Any CPU
		{7EFC2180-B0EE-4DFB-99B7-8ABDD7DAA788}.Release|x64.Deploy.0 = Release|Any CPU
		{7EFC2180-B0EE-4DFB-99B7-8ABDD7DAA788}.Release|x86.ActiveCfg = Release|Any CPU
		{7EFC2180-B0EE-4DFB-99B7-8ABDD7DAA788}.Release|x86.Build.0 = Release|Any CPU
		{7EFC2180-B0EE-4DFB-99B7-8ABDD7DAA788}.Release|x86.Deploy.0 = Release|Any CPU
		{17AB1791-0C86-44C4-B06E-1CDC7873EC9D}.Debug|Any CPU.ActiveCfg = Debug|iPhone
		{17AB1791-0C86-44C4-B06E-1CDC7873EC9D}.Debug|Any CPU.Build.0 = Debug|iPhone
		{17AB1791-0C86-44C4-B06E-1CDC7873EC9D}.Debug|Any CPU.Deploy.0 = Debug|iPhone
		{17AB1791-0C86-44C4-B06E-1CDC7873EC9D}.Debug|ARM.ActiveCfg = Debug|iPhoneSimulator
		{17AB1791-0C86-44C4-B06E-1CDC7873EC9D}.Debug|ARM.Build.0 = Debug|iPhoneSimulator
		{17AB1791-0C86-44C4-B06E-1CDC7873EC9D}.Debug|ARM.Deploy.0 = Debug|iPhoneSimulator
		{17AB1791-0C86-44C4-B06E-1CDC7873EC9D}.Debug|iPhone.ActiveCfg = Debug|iPhone
		{17AB1791-0C86-44C4-B06E-1CDC7873EC9D}.Debug|iPhone.Build.0 = Debug|iPhone
		{17AB1791-0C86-44C4-B06E-1CDC7873EC9D}.Debug|iPhone.Deploy.0 = Debug|iPhone
		{17AB1791-0C86-44C4-B06E-1CDC7873EC9D}.Debug|iPhoneSimulator.ActiveCfg = Debug|iPhoneSimulator
		{17AB1791-0C86-44C4-B06E-1CDC7873EC9D}.Debug|iPhoneSimulator.Build.0 = Debug|iPhoneSimulator
		{17AB1791-0C86-44C4-B06E-1CDC7873EC9D}.Debug|iPhoneSimulator.Deploy.0 = Debug|iPhoneSimulator
		{17AB1791-0C86-44C4-B06E-1CDC7873EC9D}.Debug|x64.ActiveCfg = Debug|iPhone
		{17AB1791-0C86-44C4-B06E-1CDC7873EC9D}.Debug|x64.Build.0 = Debug|iPhone
		{17AB1791-0C86-44C4-B06E-1CDC7873EC9D}.Debug|x64.Deploy.0 = Debug|iPhone
		{17AB1791-0C86-44C4-B06E-1CDC7873EC9D}.Debug|x86.ActiveCfg = Debug|iPhone
		{17AB1791-0C86-44C4-B06E-1CDC7873EC9D}.Debug|x86.Build.0 = Debug|iPhone
		{17AB1791-0C86-44C4-B06E-1CDC7873EC9D}.Debug|x86.Deploy.0 = Debug|iPhone
		{17AB1791-0C86-44C4-B06E-1CDC7873EC9D}.Release|Any CPU.ActiveCfg = Release|iPhone
		{17AB1791-0C86-44C4-B06E-1CDC7873EC9D}.Release|Any CPU.Build.0 = Release|iPhone
		{17AB1791-0C86-44C4-B06E-1CDC7873EC9D}.Release|Any CPU.Deploy.0 = Release|iPhone
		{17AB1791-0C86-44C4-B06E-1CDC7873EC9D}.Release|ARM.ActiveCfg = Release|iPhone
		{17AB1791-0C86-44C4-B06E-1CDC7873EC9D}.Release|ARM.Build.0 = Release|iPhone
		{17AB1791-0C86-44C4-B06E-1CDC7873EC9D}.Release|ARM.Deploy.0 = Release|iPhone
		{17AB1791-0C86-44C4-B06E-1CDC7873EC9D}.Release|iPhone.ActiveCfg = Release|iPhone
		{17AB1791-0C86-44C4-B06E-1CDC7873EC9D}.Release|iPhone.Build.0 = Release|iPhone
		{17AB1791-0C86-44C4-B06E-1CDC7873EC9D}.Release|iPhone.Deploy.0 = Release|iPhone
		{17AB1791-0C86-44C4-B06E-1CDC7873EC9D}.Release|iPhoneSimulator.ActiveCfg = Release|iPhoneSimulator
		{17AB1791-0C86-44C4-B06E-1CDC7873EC9D}.Release|iPhoneSimulator.Build.0 = Release|iPhoneSimulator
		{17AB1791-0C86-44C4-B06E-1CDC7873EC9D}.Release|iPhoneSimulator.Deploy.0 = Release|iPhoneSimulator
		{17AB1791-0C86-44C4-B06E-1CDC7873EC9D}.Release|x64.ActiveCfg = Release|iPhone
		{17AB1791-0C86-44C4-B06E-1CDC7873EC9D}.Release|x64.Build.0 = Release|iPhone
		{17AB1791-0C86-44C4-B06E-1CDC7873EC9D}.Release|x64.Deploy.0 = Release|iPhone
		{17AB1791-0C86-44C4-B06E-1CDC7873EC9D}.Release|x86.ActiveCfg = Release|iPhone
		{17AB1791-0C86-44C4-B06E-1CDC7873EC9D}.Release|x86.Build.0 = Release|iPhone
		{17AB1791-0C86-44C4-B06E-1CDC7873EC9D}.Release|x86.Deploy.0 = Release|iPhone
		{30F5E721-CF40-44B7-9035-21DAC9A47D09}.Debug|Any CPU.ActiveCfg = Debug|Any CPU
		{30F5E721-CF40-44B7-9035-21DAC9A47D09}.Debug|Any CPU.Build.0 = Debug|Any CPU
		{30F5E721-CF40-44B7-9035-21DAC9A47D09}.Debug|Any CPU.Deploy.0 = Debug|Any CPU
		{30F5E721-CF40-44B7-9035-21DAC9A47D09}.Debug|ARM.ActiveCfg = Debug|Any CPU
		{30F5E721-CF40-44B7-9035-21DAC9A47D09}.Debug|ARM.Build.0 = Debug|Any CPU
		{30F5E721-CF40-44B7-9035-21DAC9A47D09}.Debug|ARM.Deploy.0 = Debug|Any CPU
		{30F5E721-CF40-44B7-9035-21DAC9A47D09}.Debug|iPhone.ActiveCfg = Debug|Any CPU
		{30F5E721-CF40-44B7-9035-21DAC9A47D09}.Debug|iPhone.Build.0 = Debug|Any CPU
		{30F5E721-CF40-44B7-9035-21DAC9A47D09}.Debug|iPhone.Deploy.0 = Debug|Any CPU
		{30F5E721-CF40-44B7-9035-21DAC9A47D09}.Debug|iPhoneSimulator.ActiveCfg = Debug|Any CPU
		{30F5E721-CF40-44B7-9035-21DAC9A47D09}.Debug|iPhoneSimulator.Build.0 = Debug|Any CPU
		{30F5E721-CF40-44B7-9035-21DAC9A47D09}.Debug|iPhoneSimulator.Deploy.0 = Debug|Any CPU
		{30F5E721-CF40-44B7-9035-21DAC9A47D09}.Debug|x64.ActiveCfg = Debug|Any CPU
		{30F5E721-CF40-44B7-9035-21DAC9A47D09}.Debug|x64.Build.0 = Debug|Any CPU
		{30F5E721-CF40-44B7-9035-21DAC9A47D09}.Debug|x64.Deploy.0 = Debug|Any CPU
		{30F5E721-CF40-44B7-9035-21DAC9A47D09}.Debug|x86.ActiveCfg = Debug|Any CPU
		{30F5E721-CF40-44B7-9035-21DAC9A47D09}.Debug|x86.Build.0 = Debug|Any CPU
		{30F5E721-CF40-44B7-9035-21DAC9A47D09}.Debug|x86.Deploy.0 = Debug|Any CPU
		{30F5E721-CF40-44B7-9035-21DAC9A47D09}.Release|Any CPU.ActiveCfg = Release|Any CPU
		{30F5E721-CF40-44B7-9035-21DAC9A47D09}.Release|Any CPU.Build.0 = Release|Any CPU
		{30F5E721-CF40-44B7-9035-21DAC9A47D09}.Release|Any CPU.Deploy.0 = Release|Any CPU
		{30F5E721-CF40-44B7-9035-21DAC9A47D09}.Release|ARM.ActiveCfg = Release|Any CPU
		{30F5E721-CF40-44B7-9035-21DAC9A47D09}.Release|ARM.Build.0 = Release|Any CPU
		{30F5E721-CF40-44B7-9035-21DAC9A47D09}.Release|ARM.Deploy.0 = Release|Any CPU
		{30F5E721-CF40-44B7-9035-21DAC9A47D09}.Release|iPhone.ActiveCfg = Release|Any CPU
		{30F5E721-CF40-44B7-9035-21DAC9A47D09}.Release|iPhone.Build.0 = Release|Any CPU
		{30F5E721-CF40-44B7-9035-21DAC9A47D09}.Release|iPhone.Deploy.0 = Release|Any CPU
		{30F5E721-CF40-44B7-9035-21DAC9A47D09}.Release|iPhoneSimulator.ActiveCfg = Release|Any CPU
		{30F5E721-CF40-44B7-9035-21DAC9A47D09}.Release|iPhoneSimulator.Build.0 = Release|Any CPU
		{30F5E721-CF40-44B7-9035-21DAC9A47D09}.Release|iPhoneSimulator.Deploy.0 = Release|Any CPU
		{30F5E721-CF40-44B7-9035-21DAC9A47D09}.Release|x64.ActiveCfg = Release|Any CPU
		{30F5E721-CF40-44B7-9035-21DAC9A47D09}.Release|x64.Build.0 = Release|Any CPU
		{30F5E721-CF40-44B7-9035-21DAC9A47D09}.Release|x64.Deploy.0 = Release|Any CPU
		{30F5E721-CF40-44B7-9035-21DAC9A47D09}.Release|x86.ActiveCfg = Release|Any CPU
		{30F5E721-CF40-44B7-9035-21DAC9A47D09}.Release|x86.Build.0 = Release|Any CPU
		{30F5E721-CF40-44B7-9035-21DAC9A47D09}.Release|x86.Deploy.0 = Release|Any CPU
		{90008EAF-B621-402D-B75E-1A09DA01C4D6}.Debug|Any CPU.ActiveCfg = Debug|Any CPU
		{90008EAF-B621-402D-B75E-1A09DA01C4D6}.Debug|Any CPU.Build.0 = Debug|Any CPU
		{90008EAF-B621-402D-B75E-1A09DA01C4D6}.Debug|ARM.ActiveCfg = Debug|Any CPU
		{90008EAF-B621-402D-B75E-1A09DA01C4D6}.Debug|ARM.Build.0 = Debug|Any CPU
		{90008EAF-B621-402D-B75E-1A09DA01C4D6}.Debug|iPhone.ActiveCfg = Debug|Any CPU
		{90008EAF-B621-402D-B75E-1A09DA01C4D6}.Debug|iPhone.Build.0 = Debug|Any CPU
		{90008EAF-B621-402D-B75E-1A09DA01C4D6}.Debug|iPhoneSimulator.ActiveCfg = Debug|Any CPU
		{90008EAF-B621-402D-B75E-1A09DA01C4D6}.Debug|iPhoneSimulator.Build.0 = Debug|Any CPU
		{90008EAF-B621-402D-B75E-1A09DA01C4D6}.Debug|x64.ActiveCfg = Debug|Any CPU
		{90008EAF-B621-402D-B75E-1A09DA01C4D6}.Debug|x64.Build.0 = Debug|Any CPU
		{90008EAF-B621-402D-B75E-1A09DA01C4D6}.Debug|x86.ActiveCfg = Debug|Any CPU
		{90008EAF-B621-402D-B75E-1A09DA01C4D6}.Debug|x86.Build.0 = Debug|Any CPU
		{90008EAF-B621-402D-B75E-1A09DA01C4D6}.Release|Any CPU.ActiveCfg = Release|Any CPU
		{90008EAF-B621-402D-B75E-1A09DA01C4D6}.Release|Any CPU.Build.0 = Release|Any CPU
		{90008EAF-B621-402D-B75E-1A09DA01C4D6}.Release|ARM.ActiveCfg = Release|Any CPU
		{90008EAF-B621-402D-B75E-1A09DA01C4D6}.Release|ARM.Build.0 = Release|Any CPU
		{90008EAF-B621-402D-B75E-1A09DA01C4D6}.Release|iPhone.ActiveCfg = Release|Any CPU
		{90008EAF-B621-402D-B75E-1A09DA01C4D6}.Release|iPhone.Build.0 = Release|Any CPU
		{90008EAF-B621-402D-B75E-1A09DA01C4D6}.Release|iPhoneSimulator.ActiveCfg = Release|Any CPU
		{90008EAF-B621-402D-B75E-1A09DA01C4D6}.Release|iPhoneSimulator.Build.0 = Release|Any CPU
		{90008EAF-B621-402D-B75E-1A09DA01C4D6}.Release|x64.ActiveCfg = Release|Any CPU
		{90008EAF-B621-402D-B75E-1A09DA01C4D6}.Release|x64.Build.0 = Release|Any CPU
		{90008EAF-B621-402D-B75E-1A09DA01C4D6}.Release|x86.ActiveCfg = Release|Any CPU
		{90008EAF-B621-402D-B75E-1A09DA01C4D6}.Release|x86.Build.0 = Release|Any CPU
	EndGlobalSection
	GlobalSection(SolutionProperties) = preSolution
		HideSolutionNode = FALSE
	EndGlobalSection
	GlobalSection(ExtensibilityGlobals) = postSolution
		SolutionGuid = {E7A0D944-E02C-440E-A725-0D5A7AB0D1D8}
	EndGlobalSection
EndGlobal
